{
  "nodes": {
    "darwin": {
      "inputs": {
        "nixpkgs": [
          "nixpkgs"
        ]
      },
      "locked": {
        "lastModified": 1622060422,
        "narHash": "sha256-hPVlvrAyf6zL7tTx0lpK+tMxEfZeMiIZ/A2xaJ41WOY=",
        "owner": "LnL7",
        "repo": "nix-darwin",
        "rev": "007d700e644ac588ad6668e6439950a5b6e2ff64",
        "type": "github"
      },
      "original": {
        "owner": "LnL7",
        "ref": "master",
        "repo": "nix-darwin",
        "type": "github"
      }
    },
    "emacs": {
      "locked": {
        "lastModified": 1624785192,
        "narHash": "sha256-oiOKboMW3ugSUCLX2lMBVW+MvRO6qlWe7UmHVznWeXU=",
        "owner": "nix-community",
        "repo": "emacs-overlay",
        "rev": "2ac9c8cd3f29cfabc059e9f5e490fbcaf767f7a0",
        "type": "github"
      },
      "original": {
        "owner": "nix-community",
        "repo": "emacs-overlay",
        "type": "github"
      }
    },
    "flake-utils": {
      "locked": {
        "lastModified": 1623875721,
        "narHash": "sha256-A8BU7bjS5GirpAUv4QA+QnJ4CceLHkcXdRp4xITDB0s=",
        "owner": "numtide",
        "repo": "flake-utils",
        "rev": "f7e004a55b120c02ecb6219596820fcd32ca8772",
        "type": "github"
      },
      "original": {
        "owner": "numtide",
        "repo": "flake-utils",
        "type": "github"
      }
    },
    "home-manager": {
      "inputs": {
        "nixpkgs": [
          "nixpkgs"
        ]
      },
      "locked": {
        "lastModified": 1624796413,
        "narHash": "sha256-uQWxfcs4MGeWNUJxTRfuPvqaTVLTJAngc4IvxWNaCXs=",
        "owner": "nix-community",
        "repo": "home-manager",
        "rev": "f4998f0adccc60a2b463f1892e3eb42b9715a8ee",
        "type": "github"
      },
      "original": {
        "owner": "nix-community",
        "repo": "home-manager",
        "type": "github"
      }
    },
    "nixpkgs": {
      "locked": {
        "lastModified": 1624626397,
        "narHash": "sha256-+h0ulo5//RqStx6g6MDqD9MzgmBfeZ1VYxwEaSmw/Zs=",
        "owner": "NixOS",
        "repo": "nixpkgs",
        "rev": "e1f8852faac7638e88d5e8a5b9ee2a7568685e3f",
        "type": "github"
      },
      "original": {
        "owner": "NixOS",
        "ref": "nixos-unstable",
        "repo": "nixpkgs",
        "type": "github"
      }
    },
    "nur": {
      "locked": {
        "lastModified": 1624797997,
        "narHash": "sha256-4+G0hAs1Q2Zt/uqYqmc1ttKdN97+dDv2gnC8R5GdGq8=",
        "owner": "nix-community",
        "repo": "NUR",
        "rev": "a80bc1814cb880df5e9e7ff5f57d7044523c9360",
        "type": "github"
      },
      "original": {
        "owner": "nix-community",
        "repo": "NUR",
        "type": "github"
      }
    },
    "root": {
      "inputs": {
        "darwin": "darwin",
        "emacs": "emacs",
        "flake-utils": "flake-utils",
        "home-manager": "home-manager",
        "nixpkgs": "nixpkgs",
        "nur": "nur"
      }
    }
  },
  "root": "root",
  "version": 7
}
